
Microsoft Visual Studio Solution File, Format Version 12.00
# Visual Studio Version 17
VisualStudioVersion = 17.8.34330.188
MinimumVisualStudioVersion = 10.0.40219.1
Project("{9A19103F-16F7-4668-BE54-9A1E7A4F7556}") = "LaborationBlazor", "LaborationBlazor\LaborationBlazor.csproj", "{6DEB10A2-8209-47B2-A3B1-4FD01267DA4F}"
EndProject
Project("{9A19103F-16F7-4668-BE54-9A1E7A4F7556}") = "LaborationBlazor.Client", "LaborationBlazor.Client\LaborationBlazor.Client.csproj", "{B9869E1F-0A6C-4CEB-AD59-826D7CAD65C4}"
EndProject
Project("{9A19103F-16F7-4668-BE54-9A1E7A4F7556}") = "SharedClasses", "SharedClasses\SharedClasses.csproj", "{0DD31410-D78E-481A-BC29-8912ECFF59EE}"
EndProject
Global
	GlobalSection(SolutionConfigurationPlatforms) = preSolution
		Debug|Any CPU = Debug|Any CPU
		Release|Any CPU = Release|Any CPU
	EndGlobalSection
	GlobalSection(ProjectConfigurationPlatforms) = postSolution
		{6DEB10A2-8209-47B2-A3B1-4FD01267DA4F}.Debug|Any CPU.ActiveCfg = Debug|Any CPU
		{6DEB10A2-8209-47B2-A3B1-4FD01267DA4F}.Debug|Any CPU.Build.0 = Debug|Any CPU
		{6DEB10A2-8209-47B2-A3B1-4FD01267DA4F}.Release|Any CPU.ActiveCfg = Release|Any CPU
		{6DEB10A2-8209-47B2-A3B1-4FD01267DA4F}.Release|Any CPU.Build.0 = Release|Any CPU
		{B9869E1F-0A6C-4CEB-AD59-826D7CAD65C4}.Debug|Any CPU.ActiveCfg = Debug|Any CPU
		{B9869E1F-0A6C-4CEB-AD59-826D7CAD65C4}.Debug|Any CPU.Build.0 = Debug|Any CPU
		{B9869E1F-0A6C-4CEB-AD59-826D7CAD65C4}.Release|Any CPU.ActiveCfg = Release|Any CPU
		{B9869E1F-0A6C-4CEB-AD59-826D7CAD65C4}.Release|Any CPU.Build.0 = Release|Any CPU
		{0DD31410-D78E-481A-BC29-8912ECFF59EE}.Debug|Any CPU.ActiveCfg = Debug|Any CPU
		{0DD31410-D78E-481A-BC29-8912ECFF59EE}.Debug|Any CPU.Build.0 = Debug|Any CPU
		{0DD31410-D78E-481A-BC29-8912ECFF59EE}.Release|Any CPU.ActiveCfg = Release|Any CPU
		{0DD31410-D78E-481A-BC29-8912ECFF59EE}.Release|Any CPU.Build.0 = Release|Any CPU
	EndGlobalSection
	GlobalSection(SolutionProperties) = preSolution
		HideSolutionNode = FALSE
	EndGlobalSection
	GlobalSection(ExtensibilityGlobals) = postSolution
		SolutionGuid = {8C65DFD0-0BE4-41BD-9EFB-0CF5E3F3B713}
	EndGlobalSection
EndGlobal
